// !$*UTF8*$!
{
	archiveVersion = 1;
	classes = {
	};
	objectVersion = 55;
	objects = {

/* Begin PBXBuildFile section */
		F741D84327F57C3C002053F9 /* TheMovieDBDemoApp.swift in Sources */ = {isa = PBXBuildFile; fileRef = F741D84227F57C3C002053F9 /* TheMovieDBDemoApp.swift */; };
		F741D84527F57C3C002053F9 /* ContentView.swift in Sources */ = {isa = PBXBuildFile; fileRef = F741D84427F57C3C002053F9 /* ContentView.swift */; };
		F741D84727F57C3F002053F9 /* Assets.xcassets in Resources */ = {isa = PBXBuildFile; fileRef = F741D84627F57C3F002053F9 /* Assets.xcassets */; };
		F741D84A27F57C3F002053F9 /* Preview Assets.xcassets in Resources */ = {isa = PBXBuildFile; fileRef = F741D84927F57C3F002053F9 /* Preview Assets.xcassets */; };
		F741D85727F57D8C002053F9 /* HttpClient.swift in Sources */ = {isa = PBXBuildFile; fileRef = F741D85627F57D8C002053F9 /* HttpClient.swift */; };
		F741D85927F57D9B002053F9 /* Session.swift in Sources */ = {isa = PBXBuildFile; fileRef = F741D85827F57D9B002053F9 /* Session.swift */; };
		F741D85B27F57DDE002053F9 /* ApiError.swift in Sources */ = {isa = PBXBuildFile; fileRef = F741D85A27F57DDE002053F9 /* ApiError.swift */; };
		F741D85D27F5816F002053F9 /* URL + ext.swift in Sources */ = {isa = PBXBuildFile; fileRef = F741D85C27F5816F002053F9 /* URL + ext.swift */; };
		F741D85F27F581E1002053F9 /* TMDBService.swift in Sources */ = {isa = PBXBuildFile; fileRef = F741D85E27F581E1002053F9 /* TMDBService.swift */; };
		F741D86127F58576002053F9 /* TMDBKey.swift in Sources */ = {isa = PBXBuildFile; fileRef = F741D86027F58576002053F9 /* TMDBKey.swift */; };
		F741D86327F59993002053F9 /* Movie.swift in Sources */ = {isa = PBXBuildFile; fileRef = F741D86227F59993002053F9 /* Movie.swift */; };
		F741D86627F59F40002053F9 /* JsonResponse.swift in Sources */ = {isa = PBXBuildFile; fileRef = F741D86527F59F40002053F9 /* JsonResponse.swift */; };
		F741D86827F5A0F1002053F9 /* TMDBParser.swift in Sources */ = {isa = PBXBuildFile; fileRef = F741D86727F5A0F1002053F9 /* TMDBParser.swift */; };
		F741D86A27F5CE5D002053F9 /* MovieListView.swift in Sources */ = {isa = PBXBuildFile; fileRef = F741D86927F5CE5D002053F9 /* MovieListView.swift */; };
		F741D86C27F5CF21002053F9 /* MovieListViewModel.swift in Sources */ = {isa = PBXBuildFile; fileRef = F741D86B27F5CF21002053F9 /* MovieListViewModel.swift */; };
		F741D86E27F5D34A002053F9 /* MovieViewModel.swift in Sources */ = {isa = PBXBuildFile; fileRef = F741D86D27F5D34A002053F9 /* MovieViewModel.swift */; };
		F741D87027F5D3DB002053F9 /* AsyncImageView.swift in Sources */ = {isa = PBXBuildFile; fileRef = F741D86F27F5D3DB002053F9 /* AsyncImageView.swift */; };
		F741D87327F5DB01002053F9 /* MovieListCellView.swift in Sources */ = {isa = PBXBuildFile; fileRef = F741D87227F5DB01002053F9 /* MovieListCellView.swift */; };
		F741D87527F5DEAB002053F9 /* MovieDetailView.swift in Sources */ = {isa = PBXBuildFile; fileRef = F741D87427F5DEAB002053F9 /* MovieDetailView.swift */; };
		F741D87727F606BA002053F9 /* MovieDetailViewModel.swift in Sources */ = {isa = PBXBuildFile; fileRef = F741D87627F606BA002053F9 /* MovieDetailViewModel.swift */; };
		F741D87B27F62AEC002053F9 /* SliderView.swift in Sources */ = {isa = PBXBuildFile; fileRef = F741D87A27F62AEC002053F9 /* SliderView.swift */; };
/* End PBXBuildFile section */

/* Begin PBXFileReference section */
		F741D83F27F57C3C002053F9 /* TheMovieDBDemoApp.app */ = {isa = PBXFileReference; explicitFileType = wrapper.application; includeInIndex = 0; path = TheMovieDBDemoApp.app; sourceTree = BUILT_PRODUCTS_DIR; };
		F741D84227F57C3C002053F9 /* TheMovieDBDemoApp.swift */ = {isa = PBXFileReference; lastKnownFileType = sourcecode.swift; path = TheMovieDBDemoApp.swift; sourceTree = "<group>"; };
		F741D84427F57C3C002053F9 /* ContentView.swift */ = {isa = PBXFileReference; lastKnownFileType = sourcecode.swift; path = ContentView.swift; sourceTree = "<group>"; };
		F741D84627F57C3F002053F9 /* Assets.xcassets */ = {isa = PBXFileReference; lastKnownFileType = folder.assetcatalog; path = Assets.xcassets; sourceTree = "<group>"; };
		F741D84927F57C3F002053F9 /* Preview Assets.xcassets */ = {isa = PBXFileReference; lastKnownFileType = folder.assetcatalog; path = "Preview Assets.xcassets"; sourceTree = "<group>"; };
		F741D85627F57D8C002053F9 /* HttpClient.swift */ = {isa = PBXFileReference; lastKnownFileType = sourcecode.swift; path = HttpClient.swift; sourceTree = "<group>"; };
		F741D85827F57D9B002053F9 /* Session.swift */ = {isa = PBXFileReference; lastKnownFileType = sourcecode.swift; path = Session.swift; sourceTree = "<group>"; };
		F741D85A27F57DDE002053F9 /* ApiError.swift */ = {isa = PBXFileReference; lastKnownFileType = sourcecode.swift; path = ApiError.swift; sourceTree = "<group>"; };
		F741D85C27F5816F002053F9 /* URL + ext.swift */ = {isa = PBXFileReference; lastKnownFileType = sourcecode.swift; path = "URL + ext.swift"; sourceTree = "<group>"; };
		F741D85E27F581E1002053F9 /* TMDBService.swift */ = {isa = PBXFileReference; lastKnownFileType = sourcecode.swift; path = TMDBService.swift; sourceTree = "<group>"; };
		F741D86027F58576002053F9 /* TMDBKey.swift */ = {isa = PBXFileReference; lastKnownFileType = sourcecode.swift; path = TMDBKey.swift; sourceTree = "<group>"; };
		F741D86227F59993002053F9 /* Movie.swift */ = {isa = PBXFileReference; lastKnownFileType = sourcecode.swift; path = Movie.swift; sourceTree = "<group>"; };
		F741D86527F59F40002053F9 /* JsonResponse.swift */ = {isa = PBXFileReference; lastKnownFileType = sourcecode.swift; path = JsonResponse.swift; sourceTree = "<group>"; };
		F741D86727F5A0F1002053F9 /* TMDBParser.swift */ = {isa = PBXFileReference; lastKnownFileType = sourcecode.swift; path = TMDBParser.swift; sourceTree = "<group>"; };
		F741D86927F5CE5D002053F9 /* MovieListView.swift */ = {isa = PBXFileReference; lastKnownFileType = sourcecode.swift; path = MovieListView.swift; sourceTree = "<group>"; };
		F741D86B27F5CF21002053F9 /* MovieListViewModel.swift */ = {isa = PBXFileReference; lastKnownFileType = sourcecode.swift; path = MovieListViewModel.swift; sourceTree = "<group>"; };
		F741D86D27F5D34A002053F9 /* MovieViewModel.swift */ = {isa = PBXFileReference; lastKnownFileType = sourcecode.swift; path = MovieViewModel.swift; sourceTree = "<group>"; };
		F741D86F27F5D3DB002053F9 /* AsyncImageView.swift */ = {isa = PBXFileReference; lastKnownFileType = sourcecode.swift; path = AsyncImageView.swift; sourceTree = "<group>"; };
		F741D87227F5DB01002053F9 /* MovieListCellView.swift */ = {isa = PBXFileReference; lastKnownFileType = sourcecode.swift; path = MovieListCellView.swift; sourceTree = "<group>"; };
		F741D87427F5DEAB002053F9 /* MovieDetailView.swift */ = {isa = PBXFileReference; lastKnownFileType = sourcecode.swift; path = MovieDetailView.swift; sourceTree = "<group>"; };
		F741D87627F606BA002053F9 /* MovieDetailViewModel.swift */ = {isa = PBXFileReference; lastKnownFileType = sourcecode.swift; path = MovieDetailViewModel.swift; sourceTree = "<group>"; };
		F741D87A27F62AEC002053F9 /* SliderView.swift */ = {isa = PBXFileReference; lastKnownFileType = sourcecode.swift; path = SliderView.swift; sourceTree = "<group>"; };
/* End PBXFileReference section */

/* Begin PBXFrameworksBuildPhase section */
		F741D83C27F57C3C002053F9 /* Frameworks */ = {
			isa = PBXFrameworksBuildPhase;
			buildActionMask = 2147483647;
			files = (
			);
			runOnlyForDeploymentPostprocessing = 0;
		};
/* End PBXFrameworksBuildPhase section */

/* Begin PBXGroup section */
		F741D83627F57C3C002053F9 = {
			isa = PBXGroup;
			children = (
				F741D84127F57C3C002053F9 /* TheMovieDBDemoApp */,
				F741D84027F57C3C002053F9 /* Products */,
			);
			sourceTree = "<group>";
		};
		F741D84027F57C3C002053F9 /* Products */ = {
			isa = PBXGroup;
			children = (
				F741D83F27F57C3C002053F9 /* TheMovieDBDemoApp.app */,
			);
			name = Products;
			sourceTree = "<group>";
		};
		F741D84127F57C3C002053F9 /* TheMovieDBDemoApp */ = {
			isa = PBXGroup;
			children = (
				F741D85327F57C5F002053F9 /* App */,
				F741D85427F57D6E002053F9 /* Services */,
				F741D85227F57C5A002053F9 /* Models */,
				F741D85127F57C55002053F9 /* ViewModels */,
				F741D85027F57C4D002053F9 /* Views */,
			);
			path = TheMovieDBDemoApp;
			sourceTree = "<group>";
		};
		F741D84827F57C3F002053F9 /* Preview Content */ = {
			isa = PBXGroup;
			children = (
				F741D84927F57C3F002053F9 /* Preview Assets.xcassets */,
			);
			path = "Preview Content";
			sourceTree = "<group>";
		};
		F741D85027F57C4D002053F9 /* Views */ = {
			isa = PBXGroup;
			children = (
				F741D87127F5D42F002053F9 /* SubViews */,
				F741D84427F57C3C002053F9 /* ContentView.swift */,
				F741D86927F5CE5D002053F9 /* MovieListView.swift */,
				F741D87227F5DB01002053F9 /* MovieListCellView.swift */,
				F741D87427F5DEAB002053F9 /* MovieDetailView.swift */,
				F741D87A27F62AEC002053F9 /* SliderView.swift */,
			);
			path = Views;
			sourceTree = "<group>";
		};
		F741D85127F57C55002053F9 /* ViewModels */ = {
			isa = PBXGroup;
			children = (
				F741D86B27F5CF21002053F9 /* MovieListViewModel.swift */,
				F741D86D27F5D34A002053F9 /* MovieViewModel.swift */,
				F741D87627F606BA002053F9 /* MovieDetailViewModel.swift */,
			);
			path = ViewModels;
			sourceTree = "<group>";
		};
		F741D85227F57C5A002053F9 /* Models */ = {
			isa = PBXGroup;
			children = (
				F741D86427F59F2A002053F9 /* Json */,
			);
			path = Models;
			sourceTree = "<group>";
		};
		F741D85327F57C5F002053F9 /* App */ = {
			isa = PBXGroup;
			children = (
				F741D84227F57C3C002053F9 /* TheMovieDBDemoApp.swift */,
				F741D84627F57C3F002053F9 /* Assets.xcassets */,
				F741D84827F57C3F002053F9 /* Preview Content */,
			);
			name = App;
			sourceTree = "<group>";
		};
		F741D85427F57D6E002053F9 /* Services */ = {
			isa = PBXGroup;
			children = (
				F741D85527F57D76002053F9 /* Api */,
				F741D85A27F57DDE002053F9 /* ApiError.swift */,
				F741D86027F58576002053F9 /* TMDBKey.swift */,
				F741D85C27F5816F002053F9 /* URL + ext.swift */,
				F741D86727F5A0F1002053F9 /* TMDBParser.swift */,
				F741D85E27F581E1002053F9 /* TMDBService.swift */,
			);
			path = Services;
			sourceTree = "<group>";
		};
		F741D85527F57D76002053F9 /* Api */ = {
			isa = PBXGroup;
			children = (
				F741D85627F57D8C002053F9 /* HttpClient.swift */,
				F741D85827F57D9B002053F9 /* Session.swift */,
			);
			path = Api;
			sourceTree = "<group>";
		};
		F741D86427F59F2A002053F9 /* Json */ = {
			isa = PBXGroup;
			children = (
				F741D86527F59F40002053F9 /* JsonResponse.swift */,
				F741D86227F59993002053F9 /* Movie.swift */,
			);
			path = Json;
			sourceTree = "<group>";
		};
		F741D87127F5D42F002053F9 /* SubViews */ = {
			isa = PBXGroup;
			children = (
				F741D86F27F5D3DB002053F9 /* AsyncImageView.swift */,
			);
			path = SubViews;
			sourceTree = "<group>";
		};
/* End PBXGroup section */

/* Begin PBXNativeTarget section */
		F741D83E27F57C3C002053F9 /* TheMovieDBDemoApp */ = {
			isa = PBXNativeTarget;
			buildConfigurationList = F741D84D27F57C3F002053F9 /* Build configuration list for PBXNativeTarget "TheMovieDBDemoApp" */;
			buildPhases = (
				F741D83B27F57C3C002053F9 /* Sources */,
				F741D83C27F57C3C002053F9 /* Frameworks */,
				F741D83D27F57C3C002053F9 /* Resources */,
			);
			buildRules = (
			);
			dependencies = (
			);
			name = TheMovieDBDemoApp;
			productName = MobilliumMovieApp;
			productReference = F741D83F27F57C3C002053F9 /* TheMovieDBDemoApp.app */;
			productType = "com.apple.product-type.application";
		};
/* End PBXNativeTarget section */

/* Begin PBXProject section */
		F741D83727F57C3C002053F9 /* Project object */ = {
			isa = PBXProject;
			attributes = {
				BuildIndependentTargetsInParallel = 1;
				LastSwiftUpdateCheck = 1330;
				LastUpgradeCheck = 1330;
				TargetAttributes = {
					F741D83E27F57C3C002053F9 = {
						CreatedOnToolsVersion = 13.3;
					};
				};
			};
			buildConfigurationList = F741D83A27F57C3C002053F9 /* Build configuration list for PBXProject "TheMovieDBDemoApp" */;
			compatibilityVersion = "Xcode 13.0";
			developmentRegion = en;
			hasScannedForEncodings = 0;
			knownRegions = (
				en,
				Base,
			);
			mainGroup = F741D83627F57C3C002053F9;
			productRefGroup = F741D84027F57C3C002053F9 /* Products */;
			projectDirPath = "";
			projectRoot = "";
			targets = (
				F741D83E27F57C3C002053F9 /* TheMovieDBDemoApp */,
			);
		};
/* End PBXProject section */

/* Begin PBXResourcesBuildPhase section */
		F741D83D27F57C3C002053F9 /* Resources */ = {
			isa = PBXResourcesBuildPhase;
			buildActionMask = 2147483647;
			files = (
				F741D84A27F57C3F002053F9 /* Preview Assets.xcassets in Resources */,
				F741D84727F57C3F002053F9 /* Assets.xcassets in Resources */,
			);
			runOnlyForDeploymentPostprocessing = 0;
		};
/* End PBXResourcesBuildPhase section */

/* Begin PBXSourcesBuildPhase section */
		F741D83B27F57C3C002053F9 /* Sources */ = {
			isa = PBXSourcesBuildPhase;
			buildActionMask = 2147483647;
			files = (
				F741D86127F58576002053F9 /* TMDBKey.swift in Sources */,
				F741D85927F57D9B002053F9 /* Session.swift in Sources */,
				F741D86327F59993002053F9 /* Movie.swift in Sources */,
				F741D85D27F5816F002053F9 /* URL + ext.swift in Sources */,
				F741D84527F57C3C002053F9 /* ContentView.swift in Sources */,
				F741D86E27F5D34A002053F9 /* MovieViewModel.swift in Sources */,
				F741D87727F606BA002053F9 /* MovieDetailViewModel.swift in Sources */,
				F741D86C27F5CF21002053F9 /* MovieListViewModel.swift in Sources */,
				F741D86627F59F40002053F9 /* JsonResponse.swift in Sources */,
				F741D87527F5DEAB002053F9 /* MovieDetailView.swift in Sources */,
				F741D87027F5D3DB002053F9 /* AsyncImageView.swift in Sources */,
				F741D87327F5DB01002053F9 /* MovieListCellView.swift in Sources */,
				F741D86A27F5CE5D002053F9 /* MovieListView.swift in Sources */,
				F741D85727F57D8C002053F9 /* HttpClient.swift in Sources */,
				F741D85B27F57DDE002053F9 /* ApiError.swift in Sources */,
				F741D86827F5A0F1002053F9 /* TMDBParser.swift in Sources */,
				F741D85F27F581E1002053F9 /* TMDBService.swift in Sources */,
				F741D84327F57C3C002053F9 /* TheMovieDBDemoApp.swift in Sources */,
				F741D87B27F62AEC002053F9 /* SliderView.swift in Sources */,
			);
			runOnlyForDeploymentPostprocessing = 0;
		};
/* End PBXSourcesBuildPhase section */

/* Begin XCBuildConfiguration section */
		F741D84B27F57C3F002053F9 /* Debug */ = {
			isa = XCBuildConfiguration;
			buildSettings = {
				ALWAYS_SEARCH_USER_PATHS = NO;
				CLANG_ANALYZER_NONNULL = YES;
				CLANG_ANALYZER_NUMBER_OBJECT_CONVERSION = YES_AGGRESSIVE;
				CLANG_CXX_LANGUAGE_STANDARD = "gnu++17";
				CLANG_ENABLE_MODULES = YES;
				CLANG_ENABLE_OBJC_ARC = YES;
				CLANG_ENABLE_OBJC_WEAK = YES;
				CLANG_WARN_BLOCK_CAPTURE_AUTORELEASING = YES;
				CLANG_WARN_BOOL_CONVERSION = YES;
				CLANG_WARN_COMMA = YES;
				CLANG_WARN_CONSTANT_CONVERSION = YES;
				CLANG_WARN_DEPRECATED_OBJC_IMPLEMENTATIONS = YES;
				CLANG_WARN_DIRECT_OBJC_ISA_USAGE = YES_ERROR;
				CLANG_WARN_DOCUMENTATION_COMMENTS = YES;
				CLANG_WARN_EMPTY_BODY = YES;
				CLANG_WARN_ENUM_CONVERSION = YES;
				CLANG_WARN_INFINITE_RECURSION = YES;
				CLANG_WARN_INT_CONVERSION = YES;
				CLANG_WARN_NON_LITERAL_NULL_CONVERSION = YES;
				CLANG_WARN_OBJC_IMPLICIT_RETAIN_SELF = YES;
				CLANG_WARN_OBJC_LITERAL_CONVERSION = YES;
				CLANG_WARN_OBJC_ROOT_CLASS = YES_ERROR;
				CLANG_WARN_QUOTED_INCLUDE_IN_FRAMEWORK_HEADER = YES;
				CLANG_WARN_RANGE_LOOP_ANALYSIS = YES;
				CLANG_WARN_STRICT_PROTOTYPES = YES;
				CLANG_WARN_SUSPICIOUS_MOVE = YES;
				CLANG_WARN_UNGUARDED_AVAILABILITY = YES_AGGRESSIVE;
				CLANG_WARN_UNREACHABLE_CODE = YES;
				CLANG_WARN__DUPLICATE_METHOD_MATCH = YES;
				COPY_PHASE_STRIP = NO;
				DEBUG_INFORMATION_FORMAT = dwarf;
				ENABLE_STRICT_OBJC_MSGSEND = YES;
				ENABLE_TESTABILITY = YES;
				GCC_C_LANGUAGE_STANDARD = gnu11;
				GCC_DYNAMIC_NO_PIC = NO;
				GCC_NO_COMMON_BLOCKS = YES;
				GCC_OPTIMIZATION_LEVEL = 0;
				GCC_PREPROCESSOR_DEFINITIONS = (
					"DEBUG=1",
					"$(inherited)",
				);
				GCC_WARN_64_TO_32_BIT_CONVERSION = YES;
				GCC_WARN_ABOUT_RETURN_TYPE = YES_ERROR;
				GCC_WARN_UNDECLARED_SELECTOR = YES;
				GCC_WARN_UNINITIALIZED_AUTOS = YES_AGGRESSIVE;
				GCC_WARN_UNUSED_FUNCTION = YES;
				GCC_WARN_UNUSED_VARIABLE = YES;
				IPHONEOS_DEPLOYMENT_TARGET = 15.4;
				MTL_ENABLE_DEBUG_INFO = INCLUDE_SOURCE;
				MTL_FAST_MATH = YES;
				ONLY_ACTIVE_ARCH = YES;
				SDKROOT = iphoneos;
				SWIFT_ACTIVE_COMPILATION_CONDITIONS = DEBUG;
				SWIFT_OPTIMIZATION_LEVEL = "-Onone";
			};
			name = Debug;
		};
		F741D84C27F57C3F002053F9 /* Release */ = {
			isa = XCBuildConfiguration;
			buildSettings = {
				ALWAYS_SEARCH_USER_PATHS = NO;
				CLANG_ANALYZER_NONNULL = YES;
				CLANG_ANALYZER_NUMBER_OBJECT_CONVERSION = YES_AGGRESSIVE;
				CLANG_CXX_LANGUAGE_STANDARD = "gnu++17";
				CLANG_ENABLE_MODULES = YES;
				CLANG_ENABLE_OBJC_ARC = YES;
				CLANG_ENABLE_OBJC_WEAK = YES;
				CLANG_WARN_BLOCK_CAPTURE_AUTORELEASING = YES;
				CLANG_WARN_BOOL_CONVERSION = YES;
				CLANG_WARN_COMMA = YES;
				CLANG_WARN_CONSTANT_CONVERSION = YES;
				CLANG_WARN_DEPRECATED_OBJC_IMPLEMENTATIONS = YES;
				CLANG_WARN_DIRECT_OBJC_ISA_USAGE = YES_ERROR;
				CLANG_WARN_DOCUMENTATION_COMMENTS = YES;
				CLANG_WARN_EMPTY_BODY = YES;
				CLANG_WARN_ENUM_CONVERSION = YES;
				CLANG_WARN_INFINITE_RECURSION = YES;
				CLANG_WARN_INT_CONVERSION = YES;
				CLANG_WARN_NON_LITERAL_NULL_CONVERSION = YES;
				CLANG_WARN_OBJC_IMPLICIT_RETAIN_SELF = YES;
				CLANG_WARN_OBJC_LITERAL_CONVERSION = YES;
				CLANG_WARN_OBJC_ROOT_CLASS = YES_ERROR;
				CLANG_WARN_QUOTED_INCLUDE_IN_FRAMEWORK_HEADER = YES;
				CLANG_WARN_RANGE_LOOP_ANALYSIS = YES;
				CLANG_WARN_STRICT_PROTOTYPES = YES;
				CLANG_WARN_SUSPICIOUS_MOVE = YES;
				CLANG_WARN_UNGUARDED_AVAILABILITY = YES_AGGRESSIVE;
				CLANG_WARN_UNREACHABLE_CODE = YES;
				CLANG_WARN__DUPLICATE_METHOD_MATCH = YES;
				COPY_PHASE_STRIP = NO;
				DEBUG_INFORMATION_FORMAT = "dwarf-with-dsym";
				ENABLE_NS_ASSERTIONS = NO;
				ENABLE_STRICT_OBJC_MSGSEND = YES;
				GCC_C_LANGUAGE_STANDARD = gnu11;
				GCC_NO_COMMON_BLOCKS = YES;
				GCC_WARN_64_TO_32_BIT_CONVERSION = YES;
				GCC_WARN_ABOUT_RETURN_TYPE = YES_ERROR;
				GCC_WARN_UNDECLARED_SELECTOR = YES;
				GCC_WARN_UNINITIALIZED_AUTOS = YES_AGGRESSIVE;
				GCC_WARN_UNUSED_FUNCTION = YES;
				GCC_WARN_UNUSED_VARIABLE = YES;
				IPHONEOS_DEPLOYMENT_TARGET = 15.4;
				MTL_ENABLE_DEBUG_INFO = NO;
				MTL_FAST_MATH = YES;
				SDKROOT = iphoneos;
				SWIFT_COMPILATION_MODE = wholemodule;
				SWIFT_OPTIMIZATION_LEVEL = "-O";
				VALIDATE_PRODUCT = YES;
			};
			name = Release;
		};
		F741D84E27F57C3F002053F9 /* Debug */ = {
			isa = XCBuildConfiguration;
			buildSettings = {
				ASSETCATALOG_COMPILER_APPICON_NAME = AppIcon;
				ASSETCATALOG_COMPILER_GLOBAL_ACCENT_COLOR_NAME = AccentColor;
				CODE_SIGN_STYLE = Automatic;
				CURRENT_PROJECT_VERSION = 1;
				DEVELOPMENT_ASSET_PATHS = "\"TheMovieDBDemoApp/Preview Content\"";
				DEVELOPMENT_TEAM = 85373584HZ;
				ENABLE_PREVIEWS = YES;
				GENERATE_INFOPLIST_FILE = YES;
				INFOPLIST_KEY_UIApplicationSceneManifest_Generation = YES;
				INFOPLIST_KEY_UIApplicationSupportsIndirectInputEvents = YES;
				INFOPLIST_KEY_UILaunchScreen_Generation = YES;
				INFOPLIST_KEY_UISupportedInterfaceOrientations_iPad = "UIInterfaceOrientationPortrait UIInterfaceOrientationPortraitUpsideDown UIInterfaceOrientationLandscapeLeft UIInterfaceOrientationLandscapeRight";
				INFOPLIST_KEY_UISupportedInterfaceOrientations_iPhone = "UIInterfaceOrientationPortrait UIInterfaceOrientationLandscapeLeft UIInterfaceOrientationLandscapeRight";
				LD_RUNPATH_SEARCH_PATHS = (
					"$(inherited)",
					"@executable_path/Frameworks",
				);
				MARKETING_VERSION = 1.0;
				PRODUCT_BUNDLE_IDENTIFIER = com.gokhanmutlu.example.TheMovieDBDemoApp;
				PRODUCT_NAME = "$(TARGET_NAME)";
				SWIFT_EMIT_LOC_STRINGS = YES;
				SWIFT_VERSION = 5.0;
				TARGETED_DEVICE_FAMILY = "1,2";
			};
			name = Debug;
		};
		F741D84F27F57C3F002053F9 /* Release */ = {
			isa = XCBuildConfiguration;
			buildSettings = {
				ASSETCATALOG_COMPILER_APPICON_NAME = AppIcon;
				ASSETCATALOG_COMPILER_GLOBAL_ACCENT_COLOR_NAME = AccentColor;
				CODE_SIGN_STYLE = Automatic;
				CURRENT_PROJECT_VERSION = 1;
				DEVELOPMENT_ASSET_PATHS = "\"TheMovieDBDemoApp/Preview Content\"";
				DEVELOPMENT_TEAM = 85373584HZ;
				ENABLE_PREVIEWS = YES;
				GENERATE_INFOPLIST_FILE = YES;
				INFOPLIST_KEY_UIApplicationSceneManifest_Generation = YES;
				INFOPLIST_KEY_UIApplicationSupportsIndirectInputEvents = YES;
				INFOPLIST_KEY_UILaunchScreen_Generation = YES;
				INFOPLIST_KEY_UISupportedInterfaceOrientations_iPad = "UIInterfaceOrientationPortrait UIInterfaceOrientationPortraitUpsideDown UIInterfaceOrientationLandscapeLeft UIInterfaceOrientationLandscapeRight";
				INFOPLIST_KEY_UISupportedInterfaceOrientations_iPhone = "UIInterfaceOrientationPortrait UIInterfaceOrientationLandscapeLeft UIInterfaceOrientationLandscapeRight";
				LD_RUNPATH_SEARCH_PATHS = (
					"$(inherited)",
					"@executable_path/Frameworks",
				);
				MARKETING_VERSION = 1.0;
				PRODUCT_BUNDLE_IDENTIFIER = com.gokhanmutlu.example.TheMovieDBDemoApp;
				PRODUCT_NAME = "$(TARGET_NAME)";
				SWIFT_EMIT_LOC_STRINGS = YES;
				SWIFT_VERSION = 5.0;
				TARGETED_DEVICE_FAMILY = "1,2";
			};
			name = Release;
		};
/* End XCBuildConfiguration section */

/* Begin XCConfigurationList section */
		F741D83A27F57C3C002053F9 /* Build configuration list for PBXProject "TheMovieDBDemoApp" */ = {
			isa = XCConfigurationList;
			buildConfigurations = (
				F741D84B27F57C3F002053F9 /* Debug */,
				F741D84C27F57C3F002053F9 /* Release */,
			);
			defaultConfigurationIsVisible = 0;
			defaultConfigurationName = Release;
		};
		F741D84D27F57C3F002053F9 /* Build configuration list for PBXNativeTarget "TheMovieDBDemoApp" */ = {
			isa = XCConfigurationList;
			buildConfigurations = (
				F741D84E27F57C3F002053F9 /* Debug */,
				F741D84F27F57C3F002053F9 /* Release */,
			);
			defaultConfigurationIsVisible = 0;
			defaultConfigurationName = Release;
		};
/* End XCConfigurationList section */
	};
	rootObject = F741D83727F57C3C002053F9 /* Project object */;
}
